
Microsoft Visual Studio Solution File, Format Version 12.00
# Visual Studio 15
VisualStudioVersion = 15.0.28307.779
MinimumVisualStudioVersion = 10.0.40219.1
Project("{F184B08F-C81C-45F6-A57F-5ABD9991F28F}") = "controlValidacion", "controlValidacion\controlValidacion.vbproj", "{2F62A5D0-D44A-4CAD-9B55-17855FC3DD3B}"
EndProject
Global
	GlobalSection(SolutionConfigurationPlatforms) = preSolution
		Debug|Any CPU = Debug|Any CPU
		Release|Any CPU = Release|Any CPU
	EndGlobalSection
	GlobalSection(ProjectConfigurationPlatforms) = postSolution
		{2F62A5D0-D44A-4CAD-9B55-17855FC3DD3B}.Debug|Any CPU.ActiveCfg = Debug|Any CPU
		{2F62A5D0-D44A-4CAD-9B55-17855FC3DD3B}.Debug|Any CPU.Build.0 = Debug|Any CPU
		{2F62A5D0-D44A-4CAD-9B55-17855FC3DD3B}.Release|Any CPU.ActiveCfg = Release|Any CPU
		{2F62A5D0-D44A-4CAD-9B55-17855FC3DD3B}.Release|Any CPU.Build.0 = Release|Any CPU
	EndGlobalSection
	GlobalSection(SolutionProperties) = preSolution
		HideSolutionNode = FALSE
	EndGlobalSection
	GlobalSection(ExtensibilityGlobals) = postSolution
		SolutionGuid = {9580C1B1-15CA-445B-A88B-76CC2740C762}
	EndGlobalSection
EndGlobal
